
Microsoft Visual Studio Solution File, Format Version 12.00
# Visual Studio 15
VisualStudioVersion = 15.0.27703.2042
MinimumVisualStudioVersion = 10.0.40219.1
Project("{FAE04EC0-301F-11D3-BF4B-00C04F79EFBC}") = "Snake", "Snake\Snake.csproj", "{DBCD2046-30E2-4261-AF1F-1CEB3F338D4C}"
EndProject
Global
	GlobalSection(SolutionConfigurationPlatforms) = preSolution
		Debug|Any CPU = Debug|Any CPU
		Release|Any CPU = Release|Any CPU
	EndGlobalSection
	GlobalSection(ProjectConfigurationPlatforms) = postSolution
		{DBCD2046-30E2-4261-AF1F-1CEB3F338D4C}.Debug|Any CPU.ActiveCfg = Debug|Any CPU
		{DBCD2046-30E2-4261-AF1F-1CEB3F338D4C}.Debug|Any CPU.Build.0 = Debug|Any CPU
		{DBCD2046-30E2-4261-AF1F-1CEB3F338D4C}.Release|Any CPU.ActiveCfg = Release|Any CPU
		{DBCD2046-30E2-4261-AF1F-1CEB3F338D4C}.Release|Any CPU.Build.0 = Release|Any CPU
	EndGlobalSection
	GlobalSection(SolutionProperties) = preSolution
		HideSolutionNode = FALSE
	EndGlobalSection
	GlobalSection(ExtensibilityGlobals) = postSolution
		SolutionGuid = {FE44491C-D0A4-4952-8975-000F80A413A1}
	EndGlobalSection
EndGlobal
